
Microsoft Visual Studio Solution File, Format Version 12.00
# Visual Studio Version 17
VisualStudioVersion = 17.11.35222.181
MinimumVisualStudioVersion = 10.0.40219.1
Project("{FAE04EC0-301F-11D3-BF4B-00C04F79EFBC}") = "Dolgozat", "Dolgozat\Dolgozat.csproj", "{DDF22E47-D7E5-463D-9A05-4549C46E8AA2}"
EndProject
Global
	GlobalSection(SolutionConfigurationPlatforms) = preSolution
		Debug|Any CPU = Debug|Any CPU
		Release|Any CPU = Release|Any CPU
	EndGlobalSection
	GlobalSection(ProjectConfigurationPlatforms) = postSolution
		{DDF22E47-D7E5-463D-9A05-4549C46E8AA2}.Debug|Any CPU.ActiveCfg = Debug|Any CPU
		{DDF22E47-D7E5-463D-9A05-4549C46E8AA2}.Debug|Any CPU.Build.0 = Debug|Any CPU
		{DDF22E47-D7E5-463D-9A05-4549C46E8AA2}.Release|Any CPU.ActiveCfg = Release|Any CPU
		{DDF22E47-D7E5-463D-9A05-4549C46E8AA2}.Release|Any CPU.Build.0 = Release|Any CPU
	EndGlobalSection
	GlobalSection(SolutionProperties) = preSolution
		HideSolutionNode = FALSE
	EndGlobalSection
	GlobalSection(ExtensibilityGlobals) = postSolution
		SolutionGuid = {AB96EE0C-28C1-483D-A080-15D54EFF8473}
	EndGlobalSection
EndGlobal
